
Microsoft Visual Studio Solution File, Format Version 12.00
# Visual Studio 15
VisualStudioVersion = 15.0.28307.271
MinimumVisualStudioVersion = 10.0.40219.1
Project("{FAE04EC0-301F-11D3-BF4B-00C04F79EFBC}") = "GithubContributionIllusion", "GithubContributionIllusion\GithubContributionIllusion.csproj", "{AA044FA9-1403-4570-8253-FB9757F433CC}"
EndProject
Global
	GlobalSection(SolutionConfigurationPlatforms) = preSolution
		Debug|Any CPU = Debug|Any CPU
		Release|Any CPU = Release|Any CPU
	EndGlobalSection
	GlobalSection(ProjectConfigurationPlatforms) = postSolution
		{AA044FA9-1403-4570-8253-FB9757F433CC}.Debug|Any CPU.ActiveCfg = Debug|Any CPU
		{AA044FA9-1403-4570-8253-FB9757F433CC}.Debug|Any CPU.Build.0 = Debug|Any CPU
		{AA044FA9-1403-4570-8253-FB9757F433CC}.Release|Any CPU.ActiveCfg = Release|Any CPU
		{AA044FA9-1403-4570-8253-FB9757F433CC}.Release|Any CPU.Build.0 = Release|Any CPU
	EndGlobalSection
	GlobalSection(SolutionProperties) = preSolution
		HideSolutionNode = FALSE
	EndGlobalSection
	GlobalSection(ExtensibilityGlobals) = postSolution
		SolutionGuid = {0C098F42-3AB4-450C-BF4C-181B6EC150AA}
	EndGlobalSection
EndGlobal
